
Microsoft Visual Studio Solution File, Format Version 12.00
# Visual Studio 15
VisualStudioVersion = 15.0.36617.4
MinimumVisualStudioVersion = 10.0.40219.1
Project("{FAE04EC0-301F-11D3-BF4B-00C04F79EFBC}") = "Presentacion", "Presentacion\Presentacion.csproj", "{A052FD23-E043-4DD0-85F3-8ACBF8B049A7}"
EndProject
Project("{FAE04EC0-301F-11D3-BF4B-00C04F79EFBC}") = "Negocio", "Negocio\Negocio.csproj", "{88FEC490-9DAA-4B40-AE8F-B89738CAF0AB}"
EndProject
Project("{FAE04EC0-301F-11D3-BF4B-00C04F79EFBC}") = "Datos", "Datos\Datos.csproj", "{48DEA30E-596D-4B81-9DE6-E4D5938AF695}"
EndProject
Global
	GlobalSection(SolutionConfigurationPlatforms) = preSolution
		Debug|Any CPU = Debug|Any CPU
		Release|Any CPU = Release|Any CPU
	EndGlobalSection
	GlobalSection(ProjectConfigurationPlatforms) = postSolution
		{A052FD23-E043-4DD0-85F3-8ACBF8B049A7}.Debug|Any CPU.ActiveCfg = Debug|Any CPU
		{A052FD23-E043-4DD0-85F3-8ACBF8B049A7}.Debug|Any CPU.Build.0 = Debug|Any CPU
		{A052FD23-E043-4DD0-85F3-8ACBF8B049A7}.Release|Any CPU.ActiveCfg = Release|Any CPU
		{A052FD23-E043-4DD0-85F3-8ACBF8B049A7}.Release|Any CPU.Build.0 = Release|Any CPU
		{88FEC490-9DAA-4B40-AE8F-B89738CAF0AB}.Debug|Any CPU.ActiveCfg = Debug|Any CPU
		{88FEC490-9DAA-4B40-AE8F-B89738CAF0AB}.Debug|Any CPU.Build.0 = Debug|Any CPU
		{88FEC490-9DAA-4B40-AE8F-B89738CAF0AB}.Release|Any CPU.ActiveCfg = Release|Any CPU
		{88FEC490-9DAA-4B40-AE8F-B89738CAF0AB}.Release|Any CPU.Build.0 = Release|Any CPU
		{48DEA30E-596D-4B81-9DE6-E4D5938AF695}.Debug|Any CPU.ActiveCfg = Debug|Any CPU
		{48DEA30E-596D-4B81-9DE6-E4D5938AF695}.Debug|Any CPU.Build.0 = Debug|Any CPU
		{48DEA30E-596D-4B81-9DE6-E4D5938AF695}.Release|Any CPU.ActiveCfg = Release|Any CPU
		{48DEA30E-596D-4B81-9DE6-E4D5938AF695}.Release|Any CPU.Build.0 = Release|Any CPU
	EndGlobalSection
	GlobalSection(SolutionProperties) = preSolution
		HideSolutionNode = FALSE
	EndGlobalSection
	GlobalSection(ExtensibilityGlobals) = postSolution
		SolutionGuid = {4B808BBF-E1BF-48EF-A8A0-21A37096DC76}
	EndGlobalSection
EndGlobal
